
Microsoft Visual Studio Solution File, Format Version 12.00
Project("{FAE04EC0-301F-11D3-BF4B-00C04F79EFBC}") = "Lamoon.Engine", "Lamoon.Engine\Lamoon.Engine.csproj", "{9F0E35D3-1ED1-4E5A-93E5-BF64220B181A}"
EndProject
Project("{FAE04EC0-301F-11D3-BF4B-00C04F79EFBC}") = "Lamoon.Graphics", "Lamoon.Graphics\Lamoon.Graphics.csproj", "{91F340CA-38ED-46E0-A618-7E2CE500DF94}"
EndProject
Project("{FAE04EC0-301F-11D3-BF4B-00C04F79EFBC}") = "Lamoon.TestGame", "Lamoon.TestGame\Lamoon.TestGame.csproj", "{FCE1491B-0469-44F1-B019-F18D4819C895}"
EndProject
Project("{FAE04EC0-301F-11D3-BF4B-00C04F79EFBC}") = "NekoLib", "..\NekoLib\NekoLib\NekoLib.csproj", "{43A240D9-DF90-4006-9EF1-7B302F09BB43}"
EndProject
Project("{FAE04EC0-301F-11D3-BF4B-00C04F79EFBC}") = "Lamoon.Physics", "Lamoon.Physics\Lamoon.Physics.csproj", "{8056861D-2429-4FEB-ABF0-C47FE465A219}"
EndProject
Project("{FAE04EC0-301F-11D3-BF4B-00C04F79EFBC}") = "Lamoon.Tools.ModelCompiler", "Lamoon.Tools.ModelCompiler\Lamoon.Tools.ModelCompiler.csproj", "{DF39F9C7-E118-457A-ADCC-368EC0D95127}"
EndProject
Project("{FAE04EC0-301F-11D3-BF4B-00C04F79EFBC}") = "Lamoon.Data", "Lamoon.Data\Lamoon.Data.csproj", "{0654FAFD-5AF6-4CD9-BC16-6E9E99A382B4}"
EndProject
Project("{FAE04EC0-301F-11D3-BF4B-00C04F79EFBC}") = "Lamoon.Tools", "Lamoon.Tools\Lamoon.Tools.csproj", "{5767629D-CA4E-4358-BE9F-3C3A6A05CFEB}"
EndProject
Project("{FAE04EC0-301F-11D3-BF4B-00C04F79EFBC}") = "FlappyBird", "Examples\FlappyBird\FlappyBird.csproj", "{7F6E36C7-26BB-49F0-81E5-6F0A8F7FE99E}"
EndProject
Project("{FAE04EC0-301F-11D3-BF4B-00C04F79EFBC}") = "Lamoon.Audio", "Lamoon.Audio\Lamoon.Audio.csproj", "{84E125E1-5579-4463-B767-2F089F31ABD2}"
EndProject
Project("{FAE04EC0-301F-11D3-BF4B-00C04F79EFBC}") = "Lamoon.Nodes", "Lamoon.Nodes\Lamoon.Nodes.csproj", "{B1FE629C-A2B5-48F4-B04E-D9DC2937D5DF}"
EndProject
Project("{FAE04EC0-301F-11D3-BF4B-00C04F79EFBC}") = "Lamoon.Nodes.Backend.ImGui", "Lamoon.Nodes.Backend.ImGui\Lamoon.Nodes.Backend.ImGui.csproj", "{CB078FE9-1FD7-4941-B299-CB75AD43A9DD}"
EndProject
Project("{FAE04EC0-301F-11D3-BF4B-00C04F79EFBC}") = "Lamoon.Tools.NodeEditor", "Lamoon.Tools.NodeEditor\Lamoon.Tools.NodeEditor.csproj", "{83702B08-F084-4B4A-91CF-90CCEBA368C5}"
EndProject
Project("{FAE04EC0-301F-11D3-BF4B-00C04F79EFBC}") = "Lamoon.UI", "Lamoon.UI\Lamoon.UI.csproj", "{2659F8A9-138F-4E55-AAF6-E416FBD728A6}"
EndProject
Project("{2150E333-8FDC-42A3-9474-1A3956D46DE8}") = "Games", "Games", "{41D5FFBD-1215-45FF-B86F-3138DDC906EB}"
EndProject
Project("{2150E333-8FDC-42A3-9474-1A3956D46DE8}") = "Core", "Core", "{93CA3D40-863C-4AD7-A82A-0EFD8853EBFD}"
EndProject
Project("{2150E333-8FDC-42A3-9474-1A3956D46DE8}") = "Tools", "Tools", "{2237A1C0-11DF-4671-B7B5-290EC7F74C14}"
EndProject
Project("{2150E333-8FDC-42A3-9474-1A3956D46DE8}") = "Extra", "Extra", "{3BA3FD65-785E-41A3-A14C-B1FCE48502BC}"
EndProject
Global
	GlobalSection(SolutionConfigurationPlatforms) = preSolution
		Debug|Any CPU = Debug|Any CPU
		Release|Any CPU = Release|Any CPU
	EndGlobalSection
	GlobalSection(ProjectConfigurationPlatforms) = postSolution
		{9F0E35D3-1ED1-4E5A-93E5-BF64220B181A}.Debug|Any CPU.ActiveCfg = Debug|Any CPU
		{9F0E35D3-1ED1-4E5A-93E5-BF64220B181A}.Debug|Any CPU.Build.0 = Debug|Any CPU
		{9F0E35D3-1ED1-4E5A-93E5-BF64220B181A}.Release|Any CPU.ActiveCfg = Release|Any CPU
		{9F0E35D3-1ED1-4E5A-93E5-BF64220B181A}.Release|Any CPU.Build.0 = Release|Any CPU
		{91F340CA-38ED-46E0-A618-7E2CE500DF94}.Debug|Any CPU.ActiveCfg = Debug|Any CPU
		{91F340CA-38ED-46E0-A618-7E2CE500DF94}.Debug|Any CPU.Build.0 = Debug|Any CPU
		{91F340CA-38ED-46E0-A618-7E2CE500DF94}.Release|Any CPU.ActiveCfg = Release|Any CPU
		{91F340CA-38ED-46E0-A618-7E2CE500DF94}.Release|Any CPU.Build.0 = Release|Any CPU
		{FCE1491B-0469-44F1-B019-F18D4819C895}.Debug|Any CPU.ActiveCfg = Debug|Any CPU
		{FCE1491B-0469-44F1-B019-F18D4819C895}.Debug|Any CPU.Build.0 = Debug|Any CPU
		{FCE1491B-0469-44F1-B019-F18D4819C895}.Release|Any CPU.ActiveCfg = Release|Any CPU
		{FCE1491B-0469-44F1-B019-F18D4819C895}.Release|Any CPU.Build.0 = Release|Any CPU
		{43A240D9-DF90-4006-9EF1-7B302F09BB43}.Debug|Any CPU.ActiveCfg = Debug|Any CPU
		{43A240D9-DF90-4006-9EF1-7B302F09BB43}.Debug|Any CPU.Build.0 = Debug|Any CPU
		{43A240D9-DF90-4006-9EF1-7B302F09BB43}.Release|Any CPU.ActiveCfg = Release|Any CPU
		{43A240D9-DF90-4006-9EF1-7B302F09BB43}.Release|Any CPU.Build.0 = Release|Any CPU
		{8056861D-2429-4FEB-ABF0-C47FE465A219}.Debug|Any CPU.ActiveCfg = Debug|Any CPU
		{8056861D-2429-4FEB-ABF0-C47FE465A219}.Debug|Any CPU.Build.0 = Debug|Any CPU
		{8056861D-2429-4FEB-ABF0-C47FE465A219}.Release|Any CPU.ActiveCfg = Release|Any CPU
		{8056861D-2429-4FEB-ABF0-C47FE465A219}.Release|Any CPU.Build.0 = Release|Any CPU
		{DF39F9C7-E118-457A-ADCC-368EC0D95127}.Debug|Any CPU.ActiveCfg = Debug|Any CPU
		{DF39F9C7-E118-457A-ADCC-368EC0D95127}.Debug|Any CPU.Build.0 = Debug|Any CPU
		{DF39F9C7-E118-457A-ADCC-368EC0D95127}.Release|Any CPU.ActiveCfg = Release|Any CPU
		{DF39F9C7-E118-457A-ADCC-368EC0D95127}.Release|Any CPU.Build.0 = Release|Any CPU
		{0654FAFD-5AF6-4CD9-BC16-6E9E99A382B4}.Debug|Any CPU.ActiveCfg = Debug|Any CPU
		{0654FAFD-5AF6-4CD9-BC16-6E9E99A382B4}.Debug|Any CPU.Build.0 = Debug|Any CPU
		{0654FAFD-5AF6-4CD9-BC16-6E9E99A382B4}.Release|Any CPU.ActiveCfg = Release|Any CPU
		{0654FAFD-5AF6-4CD9-BC16-6E9E99A382B4}.Release|Any CPU.Build.0 = Release|Any CPU
		{5767629D-CA4E-4358-BE9F-3C3A6A05CFEB}.Debug|Any CPU.ActiveCfg = Debug|Any CPU
		{5767629D-CA4E-4358-BE9F-3C3A6A05CFEB}.Debug|Any CPU.Build.0 = Debug|Any CPU
		{5767629D-CA4E-4358-BE9F-3C3A6A05CFEB}.Release|Any CPU.ActiveCfg = Release|Any CPU
		{5767629D-CA4E-4358-BE9F-3C3A6A05CFEB}.Release|Any CPU.Build.0 = Release|Any CPU
		{7F6E36C7-26BB-49F0-81E5-6F0A8F7FE99E}.Debug|Any CPU.ActiveCfg = Debug|Any CPU
		{7F6E36C7-26BB-49F0-81E5-6F0A8F7FE99E}.Debug|Any CPU.Build.0 = Debug|Any CPU
		{7F6E36C7-26BB-49F0-81E5-6F0A8F7FE99E}.Release|Any CPU.ActiveCfg = Release|Any CPU
		{7F6E36C7-26BB-49F0-81E5-6F0A8F7FE99E}.Release|Any CPU.Build.0 = Release|Any CPU
		{84E125E1-5579-4463-B767-2F089F31ABD2}.Debug|Any CPU.ActiveCfg = Debug|Any CPU
		{84E125E1-5579-4463-B767-2F089F31ABD2}.Debug|Any CPU.Build.0 = Debug|Any CPU
		{84E125E1-5579-4463-B767-2F089F31ABD2}.Release|Any CPU.ActiveCfg = Release|Any CPU
		{84E125E1-5579-4463-B767-2F089F31ABD2}.Release|Any CPU.Build.0 = Release|Any CPU
		{B1FE629C-A2B5-48F4-B04E-D9DC2937D5DF}.Debug|Any CPU.ActiveCfg = Debug|Any CPU
		{B1FE629C-A2B5-48F4-B04E-D9DC2937D5DF}.Debug|Any CPU.Build.0 = Debug|Any CPU
		{B1FE629C-A2B5-48F4-B04E-D9DC2937D5DF}.Release|Any CPU.ActiveCfg = Release|Any CPU
		{B1FE629C-A2B5-48F4-B04E-D9DC2937D5DF}.Release|Any CPU.Build.0 = Release|Any CPU
		{CB078FE9-1FD7-4941-B299-CB75AD43A9DD}.Debug|Any CPU.ActiveCfg = Debug|Any CPU
		{CB078FE9-1FD7-4941-B299-CB75AD43A9DD}.Debug|Any CPU.Build.0 = Debug|Any CPU
		{CB078FE9-1FD7-4941-B299-CB75AD43A9DD}.Release|Any CPU.ActiveCfg = Release|Any CPU
		{CB078FE9-1FD7-4941-B299-CB75AD43A9DD}.Release|Any CPU.Build.0 = Release|Any CPU
		{83702B08-F084-4B4A-91CF-90CCEBA368C5}.Debug|Any CPU.ActiveCfg = Debug|Any CPU
		{83702B08-F084-4B4A-91CF-90CCEBA368C5}.Debug|Any CPU.Build.0 = Debug|Any CPU
		{83702B08-F084-4B4A-91CF-90CCEBA368C5}.Release|Any CPU.ActiveCfg = Release|Any CPU
		{83702B08-F084-4B4A-91CF-90CCEBA368C5}.Release|Any CPU.Build.0 = Release|Any CPU
		{2659F8A9-138F-4E55-AAF6-E416FBD728A6}.Debug|Any CPU.ActiveCfg = Debug|Any CPU
		{2659F8A9-138F-4E55-AAF6-E416FBD728A6}.Debug|Any CPU.Build.0 = Debug|Any CPU
		{2659F8A9-138F-4E55-AAF6-E416FBD728A6}.Release|Any CPU.ActiveCfg = Release|Any CPU
		{2659F8A9-138F-4E55-AAF6-E416FBD728A6}.Release|Any CPU.Build.0 = Release|Any CPU
	EndGlobalSection
	GlobalSection(NestedProjects) = preSolution
		{7F6E36C7-26BB-49F0-81E5-6F0A8F7FE99E} = {41D5FFBD-1215-45FF-B86F-3138DDC906EB}
		{9F0E35D3-1ED1-4E5A-93E5-BF64220B181A} = {93CA3D40-863C-4AD7-A82A-0EFD8853EBFD}
		{0654FAFD-5AF6-4CD9-BC16-6E9E99A382B4} = {93CA3D40-863C-4AD7-A82A-0EFD8853EBFD}
		{84E125E1-5579-4463-B767-2F089F31ABD2} = {93CA3D40-863C-4AD7-A82A-0EFD8853EBFD}
		{91F340CA-38ED-46E0-A618-7E2CE500DF94} = {93CA3D40-863C-4AD7-A82A-0EFD8853EBFD}
		{8056861D-2429-4FEB-ABF0-C47FE465A219} = {3BA3FD65-785E-41A3-A14C-B1FCE48502BC}
		{5767629D-CA4E-4358-BE9F-3C3A6A05CFEB} = {2237A1C0-11DF-4671-B7B5-290EC7F74C14}
		{DF39F9C7-E118-457A-ADCC-368EC0D95127} = {2237A1C0-11DF-4671-B7B5-290EC7F74C14}
		{83702B08-F084-4B4A-91CF-90CCEBA368C5} = {2237A1C0-11DF-4671-B7B5-290EC7F74C14}
		{B1FE629C-A2B5-48F4-B04E-D9DC2937D5DF} = {3BA3FD65-785E-41A3-A14C-B1FCE48502BC}
		{CB078FE9-1FD7-4941-B299-CB75AD43A9DD} = {3BA3FD65-785E-41A3-A14C-B1FCE48502BC}
		{FCE1491B-0469-44F1-B019-F18D4819C895} = {41D5FFBD-1215-45FF-B86F-3138DDC906EB}
		{2659F8A9-138F-4E55-AAF6-E416FBD728A6} = {3BA3FD65-785E-41A3-A14C-B1FCE48502BC}
		{43A240D9-DF90-4006-9EF1-7B302F09BB43} = {93CA3D40-863C-4AD7-A82A-0EFD8853EBFD}
	EndGlobalSection
EndGlobal
